
Microsoft Visual Studio Solution File, Format Version 12.00
# Visual Studio 14
VisualStudioVersion = 14.0.25420.1
MinimumVisualStudioVersion = 10.0.40219.1
Project("{8BC9CEB8-8B4A-11D0-8D11-00A0C91BC942}") = "5-9", "Chapter5\Chapter5.vcxproj", "{329A328D-7A08-40F2-839B-31D676E6F4AB}"
EndProject
Project("{8BC9CEB8-8B4A-11D0-8D11-00A0C91BC942}") = "5-14", "5-14\5-14.vcxproj", "{B681B103-4F1E-4F4F-AE44-166A246199F7}"
EndProject
Project("{8BC9CEB8-8B4A-11D0-8D11-00A0C91BC942}") = "5-16", "5-16\5-16.vcxproj", "{10BA3DB5-BA61-4904-91D6-F6520C29D37D}"
EndProject
Project("{8BC9CEB8-8B4A-11D0-8D11-00A0C91BC942}") = "5-17", "5-17\5-17.vcxproj", "{EBBF5A0B-8D63-49F3-8ED4-78351B2C76CA}"
EndProject
Project("{8BC9CEB8-8B4A-11D0-8D11-00A0C91BC942}") = "5-18", "5-18\5-18.vcxproj", "{564B690F-47C8-49D4-851D-1CAC959AD1B3}"
EndProject
Project("{8BC9CEB8-8B4A-11D0-8D11-00A0C91BC942}") = "6-2", "6-2\6-2.vcxproj", "{714CA223-EF6F-4101-B193-0281933DE811}"
EndProject
Project("{8BC9CEB8-8B4A-11D0-8D11-00A0C91BC942}") = "6-7", "6-7\6-7.vcxproj", "{31BE0742-4D6D-4755-AD25-AF8019E71949}"
EndProject
Project("{8BC9CEB8-8B4A-11D0-8D11-00A0C91BC942}") = "6-13", "6-13\6-13.vcxproj", "{51DD85EC-6E17-4880-A9FF-5F80B1CFB30A}"
EndProject
Project("{8BC9CEB8-8B4A-11D0-8D11-00A0C91BC942}") = "6-14", "6-14\6-14.vcxproj", "{D2BC4273-FDF8-4E3A-8987-BFBD166364EC}"
EndProject
Project("{8BC9CEB8-8B4A-11D0-8D11-00A0C91BC942}") = "6-15", "6-15\6-15.vcxproj", "{1E89BEA6-2C07-45F1-8DA9-A5E2547A4405}"
EndProject
Project("{8BC9CEB8-8B4A-11D0-8D11-00A0C91BC942}") = "6-16", "6-16\6-16.vcxproj", "{3C7265E1-5210-449B-9982-B6E49F715D3F}"
EndProject
Project("{8BC9CEB8-8B4A-11D0-8D11-00A0C91BC942}") = "test", "test\test.vcxproj", "{236C5342-CB5D-4E97-BD51-87A50A8583DC}"
EndProject
Global
	GlobalSection(SolutionConfigurationPlatforms) = preSolution
		Debug|x64 = Debug|x64
		Debug|x86 = Debug|x86
		Release|x64 = Release|x64
		Release|x86 = Release|x86
	EndGlobalSection
	GlobalSection(ProjectConfigurationPlatforms) = postSolution
		{329A328D-7A08-40F2-839B-31D676E6F4AB}.Debug|x64.ActiveCfg = Debug|x64
		{329A328D-7A08-40F2-839B-31D676E6F4AB}.Debug|x64.Build.0 = Debug|x64
		{329A328D-7A08-40F2-839B-31D676E6F4AB}.Debug|x86.ActiveCfg = Debug|Win32
		{329A328D-7A08-40F2-839B-31D676E6F4AB}.Debug|x86.Build.0 = Debug|Win32
		{329A328D-7A08-40F2-839B-31D676E6F4AB}.Release|x64.ActiveCfg = Release|x64
		{329A328D-7A08-40F2-839B-31D676E6F4AB}.Release|x64.Build.0 = Release|x64
		{329A328D-7A08-40F2-839B-31D676E6F4AB}.Release|x86.ActiveCfg = Release|Win32
		{329A328D-7A08-40F2-839B-31D676E6F4AB}.Release|x86.Build.0 = Release|Win32
		{B681B103-4F1E-4F4F-AE44-166A246199F7}.Debug|x64.ActiveCfg = Debug|x64
		{B681B103-4F1E-4F4F-AE44-166A246199F7}.Debug|x64.Build.0 = Debug|x64
		{B681B103-4F1E-4F4F-AE44-166A246199F7}.Debug|x86.ActiveCfg = Debug|Win32
		{B681B103-4F1E-4F4F-AE44-166A246199F7}.Debug|x86.Build.0 = Debug|Win32
		{B681B103-4F1E-4F4F-AE44-166A246199F7}.Release|x64.ActiveCfg = Release|x64
		{B681B103-4F1E-4F4F-AE44-166A246199F7}.Release|x64.Build.0 = Release|x64
		{B681B103-4F1E-4F4F-AE44-166A246199F7}.Release|x86.ActiveCfg = Release|Win32
		{B681B103-4F1E-4F4F-AE44-166A246199F7}.Release|x86.Build.0 = Release|Win32
		{10BA3DB5-BA61-4904-91D6-F6520C29D37D}.Debug|x64.ActiveCfg = Debug|x64
		{10BA3DB5-BA61-4904-91D6-F6520C29D37D}.Debug|x64.Build.0 = Debug|x64
		{10BA3DB5-BA61-4904-91D6-F6520C29D37D}.Debug|x86.ActiveCfg = Debug|Win32
		{10BA3DB5-BA61-4904-91D6-F6520C29D37D}.Debug|x86.Build.0 = Debug|Win32
		{10BA3DB5-BA61-4904-91D6-F6520C29D37D}.Release|x64.ActiveCfg = Release|x64
		{10BA3DB5-BA61-4904-91D6-F6520C29D37D}.Release|x64.Build.0 = Release|x64
		{10BA3DB5-BA61-4904-91D6-F6520C29D37D}.Release|x86.ActiveCfg = Release|Win32
		{10BA3DB5-BA61-4904-91D6-F6520C29D37D}.Release|x86.Build.0 = Release|Win32
		{EBBF5A0B-8D63-49F3-8ED4-78351B2C76CA}.Debug|x64.ActiveCfg = Debug|x64
		{EBBF5A0B-8D63-49F3-8ED4-78351B2C76CA}.Debug|x64.Build.0 = Debug|x64
		{EBBF5A0B-8D63-49F3-8ED4-78351B2C76CA}.Debug|x86.ActiveCfg = Debug|Win32
		{EBBF5A0B-8D63-49F3-8ED4-78351B2C76CA}.Debug|x86.Build.0 = Debug|Win32
		{EBBF5A0B-8D63-49F3-8ED4-78351B2C76CA}.Release|x64.ActiveCfg = Release|x64
		{EBBF5A0B-8D63-49F3-8ED4-78351B2C76CA}.Release|x64.Build.0 = Release|x64
		{EBBF5A0B-8D63-49F3-8ED4-78351B2C76CA}.Release|x86.ActiveCfg = Release|Win32
		{EBBF5A0B-8D63-49F3-8ED4-78351B2C76CA}.Release|x86.Build.0 = Release|Win32
		{564B690F-47C8-49D4-851D-1CAC959AD1B3}.Debug|x64.ActiveCfg = Debug|x64
		{564B690F-47C8-49D4-851D-1CAC959AD1B3}.Debug|x64.Build.0 = Debug|x64
		{564B690F-47C8-49D4-851D-1CAC959AD1B3}.Debug|x86.ActiveCfg = Debug|Win32
		{564B690F-47C8-49D4-851D-1CAC959AD1B3}.Debug|x86.Build.0 = Debug|Win32
		{564B690F-47C8-49D4-851D-1CAC959AD1B3}.Release|x64.ActiveCfg = Release|x64
		{564B690F-47C8-49D4-851D-1CAC959AD1B3}.Release|x64.Build.0 = Release|x64
		{564B690F-47C8-49D4-851D-1CAC959AD1B3}.Release|x86.ActiveCfg = Release|Win32
		{564B690F-47C8-49D4-851D-1CAC959AD1B3}.Release|x86.Build.0 = Release|Win32
		{714CA223-EF6F-4101-B193-0281933DE811}.Debug|x64.ActiveCfg = Debug|x64
		{714CA223-EF6F-4101-B193-0281933DE811}.Debug|x64.Build.0 = Debug|x64
		{714CA223-EF6F-4101-B193-0281933DE811}.Debug|x86.ActiveCfg = Debug|Win32
		{714CA223-EF6F-4101-B193-0281933DE811}.Debug|x86.Build.0 = Debug|Win32
		{714CA223-EF6F-4101-B193-0281933DE811}.Release|x64.ActiveCfg = Release|x64
		{714CA223-EF6F-4101-B193-0281933DE811}.Release|x64.Build.0 = Release|x64
		{714CA223-EF6F-4101-B193-0281933DE811}.Release|x86.ActiveCfg = Release|Win32
		{714CA223-EF6F-4101-B193-0281933DE811}.Release|x86.Build.0 = Release|Win32
		{31BE0742-4D6D-4755-AD25-AF8019E71949}.Debug|x64.ActiveCfg = Debug|x64
		{31BE0742-4D6D-4755-AD25-AF8019E71949}.Debug|x64.Build.0 = Debug|x64
		{31BE0742-4D6D-4755-AD25-AF8019E71949}.Debug|x86.ActiveCfg = Debug|Win32
		{31BE0742-4D6D-4755-AD25-AF8019E71949}.Debug|x86.Build.0 = Debug|Win32
		{31BE0742-4D6D-4755-AD25-AF8019E71949}.Release|x64.ActiveCfg = Release|x64
		{31BE0742-4D6D-4755-AD25-AF8019E71949}.Release|x64.Build.0 = Release|x64
		{31BE0742-4D6D-4755-AD25-AF8019E71949}.Release|x86.ActiveCfg = Release|Win32
		{31BE0742-4D6D-4755-AD25-AF8019E71949}.Release|x86.Build.0 = Release|Win32
		{51DD85EC-6E17-4880-A9FF-5F80B1CFB30A}.Debug|x64.ActiveCfg = Debug|x64
		{51DD85EC-6E17-4880-A9FF-5F80B1CFB30A}.Debug|x64.Build.0 = Debug|x64
		{51DD85EC-6E17-4880-A9FF-5F80B1CFB30A}.Debug|x86.ActiveCfg = Debug|Win32
		{51DD85EC-6E17-4880-A9FF-5F80B1CFB30A}.Debug|x86.Build.0 = Debug|Win32
		{51DD85EC-6E17-4880-A9FF-5F80B1CFB30A}.Release|x64.ActiveCfg = Release|x64
		{51DD85EC-6E17-4880-A9FF-5F80B1CFB30A}.Release|x64.Build.0 = Release|x64
		{51DD85EC-6E17-4880-A9FF-5F80B1CFB30A}.Release|x86.ActiveCfg = Release|Win32
		{51DD85EC-6E17-4880-A9FF-5F80B1CFB30A}.Release|x86.Build.0 = Release|Win32
		{D2BC4273-FDF8-4E3A-8987-BFBD166364EC}.Debug|x64.ActiveCfg = Debug|x64
		{D2BC4273-FDF8-4E3A-8987-BFBD166364EC}.Debug|x64.Build.0 = Debug|x64
		{D2BC4273-FDF8-4E3A-8987-BFBD166364EC}.Debug|x86.ActiveCfg = Debug|Win32
		{D2BC4273-FDF8-4E3A-8987-BFBD166364EC}.Debug|x86.Build.0 = Debug|Win32
		{D2BC4273-FDF8-4E3A-8987-BFBD166364EC}.Release|x64.ActiveCfg = Release|x64
		{D2BC4273-FDF8-4E3A-8987-BFBD166364EC}.Release|x64.Build.0 = Release|x64
		{D2BC4273-FDF8-4E3A-8987-BFBD166364EC}.Release|x86.ActiveCfg = Release|Win32
		{D2BC4273-FDF8-4E3A-8987-BFBD166364EC}.Release|x86.Build.0 = Release|Win32
		{1E89BEA6-2C07-45F1-8DA9-A5E2547A4405}.Debug|x64.ActiveCfg = Debug|x64
		{1E89BEA6-2C07-45F1-8DA9-A5E2547A4405}.Debug|x64.Build.0 = Debug|x64
		{1E89BEA6-2C07-45F1-8DA9-A5E2547A4405}.Debug|x86.ActiveCfg = Debug|Win32
		{1E89BEA6-2C07-45F1-8DA9-A5E2547A4405}.Debug|x86.Build.0 = Debug|Win32
		{1E89BEA6-2C07-45F1-8DA9-A5E2547A4405}.Release|x64.ActiveCfg = Release|x64
		{1E89BEA6-2C07-45F1-8DA9-A5E2547A4405}.Release|x64.Build.0 = Release|x64
		{1E89BEA6-2C07-45F1-8DA9-A5E2547A4405}.Release|x86.ActiveCfg = Release|Win32
		{1E89BEA6-2C07-45F1-8DA9-A5E2547A4405}.Release|x86.Build.0 = Release|Win32
		{3C7265E1-5210-449B-9982-B6E49F715D3F}.Debug|x64.ActiveCfg = Debug|x64
		{3C7265E1-5210-449B-9982-B6E49F715D3F}.Debug|x64.Build.0 = Debug|x64
		{3C7265E1-5210-449B-9982-B6E49F715D3F}.Debug|x86.ActiveCfg = Debug|Win32
		{3C7265E1-5210-449B-9982-B6E49F715D3F}.Debug|x86.Build.0 = Debug|Win32
		{3C7265E1-5210-449B-9982-B6E49F715D3F}.Release|x64.ActiveCfg = Release|x64
		{3C7265E1-5210-449B-9982-B6E49F715D3F}.Release|x64.Build.0 = Release|x64
		{3C7265E1-5210-449B-9982-B6E49F715D3F}.Release|x86.ActiveCfg = Release|Win32
		{3C7265E1-5210-449B-9982-B6E49F715D3F}.Release|x86.Build.0 = Release|Win32
		{236C5342-CB5D-4E97-BD51-87A50A8583DC}.Debug|x64.ActiveCfg = Debug|x64
		{236C5342-CB5D-4E97-BD51-87A50A8583DC}.Debug|x64.Build.0 = Debug|x64
		{236C5342-CB5D-4E97-BD51-87A50A8583DC}.Debug|x86.ActiveCfg = Debug|Win32
		{236C5342-CB5D-4E97-BD51-87A50A8583DC}.Debug|x86.Build.0 = Debug|Win32
		{236C5342-CB5D-4E97-BD51-87A50A8583DC}.Release|x64.ActiveCfg = Release|x64
		{236C5342-CB5D-4E97-BD51-87A50A8583DC}.Release|x64.Build.0 = Release|x64
		{236C5342-CB5D-4E97-BD51-87A50A8583DC}.Release|x86.ActiveCfg = Release|Win32
		{236C5342-CB5D-4E97-BD51-87A50A8583DC}.Release|x86.Build.0 = Release|Win32
	EndGlobalSection
	GlobalSection(SolutionProperties) = preSolution
		HideSolutionNode = FALSE
	EndGlobalSection
EndGlobal
